{
  "version": 4,
  "terraform_version": "0.14.2",
  "serial": 63,
  "lineage": "e2801595-de1b-9179-6933-0ea77d6e50fe",
  "outputs": {
    "instance_public_dns": {
      "value": "ec2-35-183-104-144.ca-central-1.compute.amazonaws.com",
      "type": "string"
    },
    "instance_public_ip": {
      "value": "35.183.104.144",
      "type": "string"
    }
  },
  "resources": [
    {
      "mode": "data",
      "type": "aws_ami",
      "name": "ubuntu",
      "provider": "provider[\"registry.terraform.io/hashicorp/aws\"]",
      "instances": [
        {
          "schema_version": 0,
          "attributes": {
            "architecture": "x86_64",
            "arn": "arn:aws:ec2:ca-central-1::image/ami-03ec30676c9b0af01",
            "block_device_mappings": [
              {
                "device_name": "/dev/sda1",
                "ebs": {
                  "delete_on_termination": "true",
                  "encrypted": "false",
                  "iops": "0",
                  "snapshot_id": "snap-0b9b33f2ffdefde88",
                  "throughput": "0",
                  "volume_size": "8",
                  "volume_type": "gp2"
                },
                "no_device": "",
                "virtual_name": ""
              },
              {
                "device_name": "/dev/sdb",
                "ebs": {},
                "no_device": "",
                "virtual_name": "ephemeral0"
              },
              {
                "device_name": "/dev/sdc",
                "ebs": {},
                "no_device": "",
                "virtual_name": "ephemeral1"
              }
            ],
            "creation_date": "2021-03-24T00:04:11.000Z",
            "description": "Canonical, Ubuntu, 20.04 LTS, amd64 focal image build on 2021-03-23",
            "ena_support": true,
            "executable_users": null,
            "filter": [
              {
                "name": "name",
                "values": [
                  "ubuntu/images/hvm-ssd/ubuntu-focal-20.04-amd64-server-*"
                ]
              },
              {
                "name": "virtualization-type",
                "values": [
                  "hvm"
                ]
              }
            ],
            "hypervisor": "xen",
            "id": "ami-03ec30676c9b0af01",
            "image_id": "ami-03ec30676c9b0af01",
            "image_location": "099720109477/ubuntu/images/hvm-ssd/ubuntu-focal-20.04-amd64-server-20210323",
            "image_owner_alias": null,
            "image_type": "machine",
            "kernel_id": null,
            "most_recent": true,
            "name": "ubuntu/images/hvm-ssd/ubuntu-focal-20.04-amd64-server-20210323",
            "name_regex": null,
            "owner_id": "099720109477",
            "owners": [
              "099720109477"
            ],
            "platform": null,
            "platform_details": "Linux/UNIX",
            "product_codes": [],
            "public": true,
            "ramdisk_id": null,
            "root_device_name": "/dev/sda1",
            "root_device_type": "ebs",
            "root_snapshot_id": "snap-0b9b33f2ffdefde88",
            "sriov_net_support": "simple",
            "state": "available",
            "state_reason": {
              "code": "UNSET",
              "message": "UNSET"
            },
            "tags": {},
            "usage_operation": "RunInstances",
            "virtualization_type": "hvm"
          },
          "sensitive_attributes": []
        }
      ]
    },
    {
      "mode": "managed",
      "type": "aws_default_network_acl",
      "name": "default",
      "provider": "provider[\"registry.terraform.io/hashicorp/aws\"]",
      "instances": [
        {
          "schema_version": 0,
          "attributes": {
            "arn": "arn:aws:ec2:ca-central-1:009883649233:network-acl/acl-08ea77916cee78740",
            "default_network_acl_id": "acl-08ea77916cee78740",
            "egress": [
              {
                "action": "allow",
                "cidr_block": "0.0.0.0/0",
                "from_port": 0,
                "icmp_code": 0,
                "icmp_type": 0,
                "ipv6_cidr_block": "",
                "protocol": "-1",
                "rule_no": 102,
                "to_port": 0
              }
            ],
            "id": "acl-08ea77916cee78740",
            "ingress": [
              {
                "action": "allow",
                "cidr_block": "0.0.0.0/0",
                "from_port": 1024,
                "icmp_code": 0,
                "icmp_type": 0,
                "ipv6_cidr_block": "",
                "protocol": "6",
                "rule_no": 101,
                "to_port": 65535
              },
              {
                "action": "allow",
                "cidr_block": "0.0.0.0/0",
                "from_port": 22,
                "icmp_code": 0,
                "icmp_type": 0,
                "ipv6_cidr_block": "",
                "protocol": "6",
                "rule_no": 100,
                "to_port": 22
              }
            ],
            "owner_id": "009883649233",
            "subnet_ids": [
              "subnet-09e886954034306e4"
            ],
            "tags": {
              "Name": "calvin-test_default_nacl"
            },
            "vpc_id": "vpc-08a36d4dd9ee5e8eb"
          },
          "sensitive_attributes": [],
          "private": "bnVsbA==",
          "dependencies": [
            "aws_subnet.public",
            "aws_vpc.main"
          ]
        }
      ]
    },
    {
      "mode": "managed",
      "type": "aws_default_route_table",
      "name": "r",
      "provider": "provider[\"registry.terraform.io/hashicorp/aws\"]",
      "instances": [
        {
          "schema_version": 0,
          "attributes": {
            "default_route_table_id": "rtb-0c7634a2773ff9b56",
            "id": "rtb-0c7634a2773ff9b56",
            "owner_id": "009883649233",
            "propagating_vgws": [],
            "route": [
              {
                "cidr_block": "0.0.0.0/0",
                "egress_only_gateway_id": "",
                "gateway_id": "igw-0fafb6d1adeefdab4",
                "instance_id": "",
                "ipv6_cidr_block": "",
                "nat_gateway_id": "",
                "network_interface_id": "",
                "transit_gateway_id": "",
                "vpc_endpoint_id": "",
                "vpc_peering_connection_id": ""
              }
            ],
            "tags": {
              "Name": "calvin-test_default_route_table"
            },
            "vpc_id": "vpc-08a36d4dd9ee5e8eb"
          },
          "sensitive_attributes": [],
          "private": "bnVsbA==",
          "dependencies": [
            "aws_internet_gateway.gw",
            "aws_vpc.main"
          ]
        }
      ]
    },
    {
      "mode": "managed",
      "type": "aws_default_security_group",
      "name": "default",
      "provider": "provider[\"registry.terraform.io/hashicorp/aws\"]",
      "instances": [
        {
          "schema_version": 1,
          "attributes": {
            "arn": "arn:aws:ec2:ca-central-1:009883649233:security-group/sg-0e4b37494565cd0cc",
            "description": "default VPC security group",
            "egress": [
              {
                "cidr_blocks": [
                  "0.0.0.0/0"
                ],
                "description": "",
                "from_port": 0,
                "ipv6_cidr_blocks": [],
                "prefix_list_ids": [],
                "protocol": "-1",
                "security_groups": [],
                "self": false,
                "to_port": 0
              }
            ],
            "id": "sg-0e4b37494565cd0cc",
            "ingress": [
              {
                "cidr_blocks": [
                  "0.0.0.0/0"
                ],
                "description": "SSH into VPC",
                "from_port": 22,
                "ipv6_cidr_blocks": [],
                "prefix_list_ids": [],
                "protocol": "tcp",
                "security_groups": [],
                "self": false,
                "to_port": 22
              }
            ],
            "name": "default",
            "owner_id": "009883649233",
            "revoke_rules_on_delete": false,
            "tags": {
              "Name": "calvin-test_default_sg"
            },
            "vpc_id": "vpc-08a36d4dd9ee5e8eb"
          },
          "sensitive_attributes": [],
          "private": "eyJzY2hlbWFfdmVyc2lvbiI6IjEifQ==",
          "dependencies": [
            "aws_vpc.main"
          ]
        }
      ]
    },
    {
      "mode": "managed",
      "type": "aws_instance",
      "name": "dev_work",
      "provider": "provider[\"registry.terraform.io/hashicorp/aws\"]",
      "instances": [
        {
          "schema_version": 1,
          "attributes": {
            "ami": "ami-03ec30676c9b0af01",
            "arn": "arn:aws:ec2:ca-central-1:009883649233:instance/i-023eea5933a2caae9",
            "associate_public_ip_address": true,
            "availability_zone": "ca-central-1b",
            "cpu_core_count": 1,
            "cpu_threads_per_core": 2,
            "credit_specification": [
              {
                "cpu_credits": "unlimited"
              }
            ],
            "disable_api_termination": false,
            "ebs_block_device": [],
            "ebs_optimized": false,
            "enclave_options": [
              {
                "enabled": false
              }
            ],
            "ephemeral_block_device": [],
            "get_password_data": false,
            "hibernation": false,
            "host_id": null,
            "iam_instance_profile": "",
            "id": "i-023eea5933a2caae9",
            "instance_initiated_shutdown_behavior": null,
            "instance_state": "running",
            "instance_type": "t3.micro",
            "ipv6_address_count": 0,
            "ipv6_addresses": [],
            "key_name": "dev_key",
            "metadata_options": [
              {
                "http_endpoint": "enabled",
                "http_put_response_hop_limit": 1,
                "http_tokens": "optional"
              }
            ],
            "monitoring": false,
            "network_interface": [
              {
                "delete_on_termination": false,
                "device_index": 0,
                "network_interface_id": "eni-0e24aa0fe5224aa74"
              }
            ],
            "outpost_arn": "",
            "password_data": "",
            "placement_group": "",
            "primary_network_interface_id": "eni-0e24aa0fe5224aa74",
            "private_dns": "ip-10-0-158-56.ca-central-1.compute.internal",
            "private_ip": "10.0.158.56",
            "public_dns": "ec2-35-183-104-144.ca-central-1.compute.amazonaws.com",
            "public_ip": "35.183.104.144",
            "root_block_device": [
              {
                "delete_on_termination": true,
                "device_name": "/dev/sda1",
                "encrypted": true,
                "iops": 300,
                "kms_key_id": "arn:aws:kms:ca-central-1:009883649233:key/ee0d685c-bacf-49d3-9403-3a4bef332843",
                "tags": null,
                "throughput": 0,
                "volume_id": "vol-04bb05f1358308749",
                "volume_size": 100,
                "volume_type": "gp2"
              }
            ],
            "secondary_private_ips": [],
            "security_groups": [],
            "source_dest_check": true,
            "subnet_id": "subnet-09e886954034306e4",
            "tags": {
              "Name": "calvin-test_instance"
            },
            "tenancy": "default",
            "timeouts": null,
            "user_data": null,
            "user_data_base64": null,
            "volume_tags": null,
            "vpc_security_group_ids": [
              "sg-0e4b37494565cd0cc"
            ]
          },
          "sensitive_attributes": [],
          "private": "eyJlMmJmYjczMC1lY2FhLTExZTYtOGY4OC0zNDM2M2JjN2M0YzAiOnsiY3JlYXRlIjo2MDAwMDAwMDAwMDAsImRlbGV0ZSI6MTIwMDAwMDAwMDAwMCwidXBkYXRlIjo2MDAwMDAwMDAwMDB9LCJzY2hlbWFfdmVyc2lvbiI6IjEifQ==",
          "dependencies": [
            "aws_internet_gateway.gw",
            "aws_key_pair.ssh_key",
            "aws_network_interface.ni",
            "data.aws_ami.ubuntu"
          ]
        }
      ]
    },
    {
      "mode": "managed",
      "type": "aws_internet_gateway",
      "name": "gw",
      "provider": "provider[\"registry.terraform.io/hashicorp/aws\"]",
      "instances": [
        {
          "schema_version": 0,
          "attributes": {
            "arn": "arn:aws:ec2:ca-central-1:009883649233:internet-gateway/igw-0fafb6d1adeefdab4",
            "id": "igw-0fafb6d1adeefdab4",
            "owner_id": "009883649233",
            "tags": {
              "Name": "calvin-test_internet_gateway"
            },
            "vpc_id": "vpc-08a36d4dd9ee5e8eb"
          },
          "sensitive_attributes": [],
          "private": "bnVsbA==",
          "dependencies": [
            "aws_vpc.main"
          ]
        }
      ]
    },
    {
      "mode": "managed",
      "type": "aws_key_pair",
      "name": "ssh_key",
      "provider": "provider[\"registry.terraform.io/hashicorp/aws\"]",
      "instances": [
        {
          "schema_version": 1,
          "attributes": {
            "arn": "arn:aws:ec2:ca-central-1:009883649233:key-pair/dev_key",
            "fingerprint": "35:4e:7e:5e:bf:73:69:46:ab:5f:43:9d:9f:48:a6:d7",
            "id": "dev_key",
            "key_name": "dev_key",
            "key_name_prefix": null,
            "key_pair_id": "key-0cd0191c933dc7ad1",
            "public_key": "ssh-rsa AAAAB3NzaC1yc2EAAAADAQABAAABAQCszlBXAE+FuP4l3Srh1KDfUzmx1sUy4KW5+khfCLMf6LQVl0ZxrBc82XrXo7s5eWKw7n+XR16Sa3hh4S6ZusCVsKnPkCqvyhad7K+IOxDjAzUBugrZcsTml1Qxz9Yb0ELJa3gqU230Jfim6Sd2fGHxzw8S06uKbgJ6ZmZnSPqi3RfxQj84w83ZW7Ubh7HyNF0Jr2O9VlEGqBAhqxLpheRU4+G/g1UrIAlMtcoVM1yaPkxmKPzCU2a0mY2IpWc2I8VegPXX2Jotkjxi3Ju8omnCvTENH8zD/uF0Pz8H1fh/dWYHeZfYJRh+j5m5FB0CM+I5cL+vqgMx9eiABFgZmDBx",
            "tags": {}
          },
          "sensitive_attributes": [],
          "private": "eyJzY2hlbWFfdmVyc2lvbiI6IjEifQ=="
        }
      ]
    },
    {
      "mode": "managed",
      "type": "aws_network_interface",
      "name": "ni",
      "provider": "provider[\"registry.terraform.io/hashicorp/aws\"]",
      "instances": [
        {
          "schema_version": 0,
          "attributes": {
            "attachment": [
              {
                "attachment_id": "eni-attach-0bcb012d7e26a10da",
                "device_index": 0,
                "instance": "i-0bfd734d9235f26ec"
              }
            ],
            "description": "",
            "id": "eni-0e24aa0fe5224aa74",
            "ipv6_address_count": 0,
            "ipv6_addresses": [],
            "mac_address": "06:84:c9:98:04:98",
            "outpost_arn": "",
            "private_dns_name": "ip-10-0-158-56.ca-central-1.compute.internal",
            "private_ip": "10.0.158.56",
            "private_ips": [
              "10.0.158.56"
            ],
            "private_ips_count": 0,
            "security_groups": [
              "sg-0e4b37494565cd0cc"
            ],
            "source_dest_check": true,
            "subnet_id": "subnet-09e886954034306e4",
            "tags": {
              "Name": "calvin-test_network_interface"
            }
          },
          "sensitive_attributes": [],
          "private": "bnVsbA==",
          "dependencies": [
            "aws_subnet.public",
            "aws_vpc.main"
          ]
        }
      ]
    },
    {
      "mode": "managed",
      "type": "aws_route_table_association",
      "name": "a",
      "provider": "provider[\"registry.terraform.io/hashicorp/aws\"]",
      "instances": [
        {
          "schema_version": 0,
          "attributes": {
            "gateway_id": null,
            "id": "rtbassoc-04d02633e5880efae",
            "route_table_id": "rtb-0c7634a2773ff9b56",
            "subnet_id": "subnet-09e886954034306e4"
          },
          "sensitive_attributes": [],
          "private": "bnVsbA==",
          "dependencies": [
            "aws_default_route_table.r",
            "aws_internet_gateway.gw",
            "aws_subnet.public",
            "aws_vpc.main"
          ]
        }
      ]
    },
    {
      "mode": "managed",
      "type": "aws_subnet",
      "name": "public",
      "provider": "provider[\"registry.terraform.io/hashicorp/aws\"]",
      "instances": [
        {
          "schema_version": 1,
          "attributes": {
            "arn": "arn:aws:ec2:ca-central-1:009883649233:subnet/subnet-09e886954034306e4",
            "assign_ipv6_address_on_creation": false,
            "availability_zone": "ca-central-1b",
            "availability_zone_id": "cac1-az2",
            "cidr_block": "10.0.0.0/16",
            "customer_owned_ipv4_pool": "",
            "id": "subnet-09e886954034306e4",
            "ipv6_cidr_block": "",
            "ipv6_cidr_block_association_id": "",
            "map_customer_owned_ip_on_launch": false,
            "map_public_ip_on_launch": true,
            "outpost_arn": "",
            "owner_id": "009883649233",
            "tags": {
              "Name": "calvin-test_public_subnet"
            },
            "tags_all": {
              "Name": "calvin-test_public_subnet"
            },
            "timeouts": null,
            "vpc_id": "vpc-08a36d4dd9ee5e8eb"
          },
          "sensitive_attributes": [],
          "private": "eyJlMmJmYjczMC1lY2FhLTExZTYtOGY4OC0zNDM2M2JjN2M0YzAiOnsiY3JlYXRlIjo2MDAwMDAwMDAwMDAsImRlbGV0ZSI6MTIwMDAwMDAwMDAwMH0sInNjaGVtYV92ZXJzaW9uIjoiMSJ9",
          "dependencies": [
            "aws_vpc.main"
          ]
        }
      ]
    },
    {
      "mode": "managed",
      "type": "aws_vpc",
      "name": "main",
      "provider": "provider[\"registry.terraform.io/hashicorp/aws\"]",
      "instances": [
        {
          "schema_version": 1,
          "attributes": {
            "arn": "arn:aws:ec2:ca-central-1:009883649233:vpc/vpc-08a36d4dd9ee5e8eb",
            "assign_generated_ipv6_cidr_block": false,
            "cidr_block": "10.0.0.0/16",
            "default_network_acl_id": "acl-08ea77916cee78740",
            "default_route_table_id": "rtb-0c7634a2773ff9b56",
            "default_security_group_id": "sg-0e4b37494565cd0cc",
            "dhcp_options_id": "dopt-60a08c08",
            "enable_classiclink": null,
            "enable_classiclink_dns_support": null,
            "enable_dns_hostnames": true,
            "enable_dns_support": true,
            "id": "vpc-08a36d4dd9ee5e8eb",
            "instance_tenancy": "default",
            "ipv6_association_id": "",
            "ipv6_cidr_block": "",
            "main_route_table_id": "rtb-0c7634a2773ff9b56",
            "owner_id": "009883649233",
            "tags": {
              "Name": "calvin-test_vpc"
            },
            "tags_all": {
              "Name": "calvin-test_vpc"
            }
          },
          "sensitive_attributes": [],
          "private": "eyJzY2hlbWFfdmVyc2lvbiI6IjEifQ=="
        }
      ]
    }
  ]
}
